{
  "name": "buildgen-ai",
  "lockfileVersion": 3,
  "requires": true,
  "packages": {
    "": {
      "dependencies": {
        "@react-pdf-viewer/core": "^3.12.0",
        "@react-pdf-viewer/default-layout": "^3.12.0",
        "nprogress": "^0.2.0",
        "pdfjs-dist": "^2.14.305"
      }
    },
    "node_modules/@react-pdf-viewer/attachment": {
      "version": "3.12.0",
      "resolved": "https://registry.npmmirror.com/@react-pdf-viewer/attachment/-/attachment-3.12.0.tgz",
      "integrity": "sha512-mhwrYJSIpCvHdERpLUotqhMgSjhtF+BTY1Yb9Fnzpcq3gLZP+Twp5Rynq21tCrVdDizPaVY7SKu400GkgdMfZw==",
      "dependencies": {
        "@react-pdf-viewer/core": "3.12.0"
      },
      "peerDependencies": {
        "react": ">=16.8.0",
        "react-dom": ">=16.8.0"
      }
    },
    "node_modules/@react-pdf-viewer/bookmark": {
      "version": "3.12.0",
      "resolved": "https://registry.npmmirror.com/@react-pdf-viewer/bookmark/-/bookmark-3.12.0.tgz",
      "integrity": "sha512-i7nEit8vIFMAES8RFGwprZ9cXOOZb9ZStPW6E6yuObJEXcvBj/ctsbBJGZxqUZOGklM0JoB7sjHyxAriHfe92A==",
      "dependencies": {
        "@react-pdf-viewer/core": "3.12.0"
      },
      "peerDependencies": {
        "react": ">=16.8.0",
        "react-dom": ">=16.8.0"
      }
    },
    "node_modules/@react-pdf-viewer/core": {
      "version": "3.12.0",
      "resolved": "https://registry.npmmirror.com/@react-pdf-viewer/core/-/core-3.12.0.tgz",
      "integrity": "sha512-8MsdlQJ4jaw3GT+zpCHS33nwnvzpY0ED6DEahZg9WngG++A5RMhk8LSlxdHelwaFFHFiXBjmOaj2Kpxh50VQRg==",
      "peerDependencies": {
        "pdfjs-dist": "^2.16.105 || ^3.0.279",
        "react": ">=16.8.0",
        "react-dom": ">=16.8.0"
      }
    },
    "node_modules/@react-pdf-viewer/default-layout": {
      "version": "3.12.0",
      "resolved": "https://registry.npmmirror.com/@react-pdf-viewer/default-layout/-/default-layout-3.12.0.tgz",
      "integrity": "sha512-K2fS4+TJynHxxCBFuIDiFuAw3nqOh4bkBgtVZ/2pGvnFn9lLg46YGLMnTXCQqtyZzzXYh696jmlFViun3is4pA==",
      "dependencies": {
        "@react-pdf-viewer/attachment": "3.12.0",
        "@react-pdf-viewer/bookmark": "3.12.0",
        "@react-pdf-viewer/core": "3.12.0",
        "@react-pdf-viewer/thumbnail": "3.12.0",
        "@react-pdf-viewer/toolbar": "3.12.0"
      },
      "peerDependencies": {
        "react": ">=16.8.0",
        "react-dom": ">=16.8.0"
      }
    },
    "node_modules/@react-pdf-viewer/full-screen": {
      "version": "3.12.0",
      "resolved": "https://registry.npmmirror.com/@react-pdf-viewer/full-screen/-/full-screen-3.12.0.tgz",
      "integrity": "sha512-hQouJ26QUaRBCXNMU1aI1zpJn4l4PJRvlHhuE2dZYtLl37ycjl7vBCQYZW1FwnuxMWztZsY47R43DKaZORg0pg==",
      "dependencies": {
        "@react-pdf-viewer/core": "3.12.0"
      },
      "peerDependencies": {
        "react": ">=16.8.0",
        "react-dom": ">=16.8.0"
      }
    },
    "node_modules/@react-pdf-viewer/get-file": {
      "version": "3.12.0",
      "resolved": "https://registry.npmmirror.com/@react-pdf-viewer/get-file/-/get-file-3.12.0.tgz",
      "integrity": "sha512-Uhq45n2RWlZ7Ec/BtBJ0WQESRciaYIltveDXHNdWvXgFdOS8XsvB+mnTh/wzm7Cfl9hpPyzfeezifdU9AkQgQg==",
      "dependencies": {
        "@react-pdf-viewer/core": "3.12.0"
      },
      "peerDependencies": {
        "react": ">=16.8.0",
        "react-dom": ">=16.8.0"
      }
    },
    "node_modules/@react-pdf-viewer/open": {
      "version": "3.12.0",
      "resolved": "https://registry.npmmirror.com/@react-pdf-viewer/open/-/open-3.12.0.tgz",
      "integrity": "sha512-vhiDEYsiQLxvZkIKT9VPYHZ1BOnv46x9eCEmRWxO1DJ8fa/GRDTA9ivXmq/ap0dGEJs6t+epleCkCEfllLR/Yw==",
      "dependencies": {
        "@react-pdf-viewer/core": "3.12.0"
      },
      "peerDependencies": {
        "react": ">=16.8.0",
        "react-dom": ">=16.8.0"
      }
    },
    "node_modules/@react-pdf-viewer/page-navigation": {
      "version": "3.12.0",
      "resolved": "https://registry.npmmirror.com/@react-pdf-viewer/page-navigation/-/page-navigation-3.12.0.tgz",
      "integrity": "sha512-tVEJ48Dd5kajV1nKkrPWijglJRNBiKBTyYDKVexhiRdTHUP1f6QQXiSyDgCUb0IGSZeJzOJb1h7ApKHe8OTtuw==",
      "dependencies": {
        "@react-pdf-viewer/core": "3.12.0"
      },
      "peerDependencies": {
        "react": ">=16.8.0",
        "react-dom": ">=16.8.0"
      }
    },
    "node_modules/@react-pdf-viewer/print": {
      "version": "3.12.0",
      "resolved": "https://registry.npmmirror.com/@react-pdf-viewer/print/-/print-3.12.0.tgz",
      "integrity": "sha512-xJn76CgbU/M2iNaN7wLHTg+sdOekkRMfCakFLwPrE+SR7qD6NUF4vQQKJBSVCCK5bUijzb6cWfKGfo8VA72o4Q==",
      "dependencies": {
        "@react-pdf-viewer/core": "3.12.0"
      },
      "peerDependencies": {
        "react": ">=16.8.0",
        "react-dom": ">=16.8.0"
      }
    },
    "node_modules/@react-pdf-viewer/properties": {
      "version": "3.12.0",
      "resolved": "https://registry.npmmirror.com/@react-pdf-viewer/properties/-/properties-3.12.0.tgz",
      "integrity": "sha512-dYTCHtVwFNkpDo7QxL2qk/8zAKndLwdD1FFxBftl6jIlQbtvNdxkFfkv1HcQING9Ic+7DBryOiD7W0ze4IERYg==",
      "dependencies": {
        "@react-pdf-viewer/core": "3.12.0"
      },
      "peerDependencies": {
        "react": ">=16.8.0",
        "react-dom": ">=16.8.0"
      }
    },
    "node_modules/@react-pdf-viewer/rotate": {
      "version": "3.12.0",
      "resolved": "https://registry.npmmirror.com/@react-pdf-viewer/rotate/-/rotate-3.12.0.tgz",
      "integrity": "sha512-yaxaMYPChvNOjR8+AxRmj0kvojyJKPq4XHEcIB2lJJgBY1Zra3mliDUP3Nlb4yV8BS9+yBqWn9U9mtnopQD+tw==",
      "dependencies": {
        "@react-pdf-viewer/core": "3.12.0"
      },
      "peerDependencies": {
        "react": ">=16.8.0",
        "react-dom": ">=16.8.0"
      }
    },
    "node_modules/@react-pdf-viewer/scroll-mode": {
      "version": "3.12.0",
      "resolved": "https://registry.npmmirror.com/@react-pdf-viewer/scroll-mode/-/scroll-mode-3.12.0.tgz",
      "integrity": "sha512-okII7Xqhl6cMvl1izdEvlXNJ+vJVq/qdg53hJIDYVgBCWskLk/cpjUg/ZonBxseG9lIDP3w2VO1McT8Gn11OAg==",
      "dependencies": {
        "@react-pdf-viewer/core": "3.12.0"
      },
      "peerDependencies": {
        "react": ">=16.8.0",
        "react-dom": ">=16.8.0"
      }
    },
    "node_modules/@react-pdf-viewer/search": {
      "version": "3.12.0",
      "resolved": "https://registry.npmmirror.com/@react-pdf-viewer/search/-/search-3.12.0.tgz",
      "integrity": "sha512-jAkLpis49fsDDY/HrbUZIOIhzF5vynONQNA4INQKI38r/MjveblrkNv7qbr9j5lQ/WFic5+gD1e+Mtpf1/7DiA==",
      "dependencies": {
        "@react-pdf-viewer/core": "3.12.0"
      },
      "peerDependencies": {
        "react": ">=16.8.0",
        "react-dom": ">=16.8.0"
      }
    },
    "node_modules/@react-pdf-viewer/selection-mode": {
      "version": "3.12.0",
      "resolved": "https://registry.npmmirror.com/@react-pdf-viewer/selection-mode/-/selection-mode-3.12.0.tgz",
      "integrity": "sha512-yysWEu2aCtBvzSgbhgI9kT5cq2hf0FU6Z+3B7MMXz14Kxyc3y18wUqxtgbvpFEfWF0bNUUq16JtWRljtxvZ83w==",
      "dependencies": {
        "@react-pdf-viewer/core": "3.12.0"
      },
      "peerDependencies": {
        "react": ">=16.8.0",
        "react-dom": ">=16.8.0"
      }
    },
    "node_modules/@react-pdf-viewer/theme": {
      "version": "3.12.0",
      "resolved": "https://registry.npmmirror.com/@react-pdf-viewer/theme/-/theme-3.12.0.tgz",
      "integrity": "sha512-cdBi+wR1VOZ6URCcO9plmAZQu4ZGFcd7HJdBe7VIFiGyrvl9I/Of74ONLycnDImSuONt8D3uNjPBLieeaShVeg==",
      "dependencies": {
        "@react-pdf-viewer/core": "3.12.0"
      },
      "peerDependencies": {
        "react": ">=16.8.0",
        "react-dom": ">=16.8.0"
      }
    },
    "node_modules/@react-pdf-viewer/thumbnail": {
      "version": "3.12.0",
      "resolved": "https://registry.npmmirror.com/@react-pdf-viewer/thumbnail/-/thumbnail-3.12.0.tgz",
      "integrity": "sha512-Vc8j3bO6wumWZV4o6pAbktPWKDSC9tQAzOCJ3cof541u4i44C11ccYC4W9aNcsMMUSO3bNwAGWtP8OFthV5akQ==",
      "dependencies": {
        "@react-pdf-viewer/core": "3.12.0"
      },
      "peerDependencies": {
        "react": ">=16.8.0",
        "react-dom": ">=16.8.0"
      }
    },
    "node_modules/@react-pdf-viewer/toolbar": {
      "version": "3.12.0",
      "resolved": "https://registry.npmmirror.com/@react-pdf-viewer/toolbar/-/toolbar-3.12.0.tgz",
      "integrity": "sha512-qACTU3qXHgtNK8J+T13EWio+0liilj86SJ87BdapqXynhl720OKPlSKOQqskUGqg3oTUJAhrse9XG6SFdHJx+g==",
      "dependencies": {
        "@react-pdf-viewer/core": "3.12.0",
        "@react-pdf-viewer/full-screen": "3.12.0",
        "@react-pdf-viewer/get-file": "3.12.0",
        "@react-pdf-viewer/open": "3.12.0",
        "@react-pdf-viewer/page-navigation": "3.12.0",
        "@react-pdf-viewer/print": "3.12.0",
        "@react-pdf-viewer/properties": "3.12.0",
        "@react-pdf-viewer/rotate": "3.12.0",
        "@react-pdf-viewer/scroll-mode": "3.12.0",
        "@react-pdf-viewer/search": "3.12.0",
        "@react-pdf-viewer/selection-mode": "3.12.0",
        "@react-pdf-viewer/theme": "3.12.0",
        "@react-pdf-viewer/zoom": "3.12.0"
      },
      "peerDependencies": {
        "react": ">=16.8.0",
        "react-dom": ">=16.8.0"
      }
    },
    "node_modules/@react-pdf-viewer/zoom": {
      "version": "3.12.0",
      "resolved": "https://registry.npmmirror.com/@react-pdf-viewer/zoom/-/zoom-3.12.0.tgz",
      "integrity": "sha512-V0GUTyPM77+LzhoKX+T3XI10/HfGdqRTbgeP7ID60FCzcwu6kXWqJn5tzabjDKLTlFv8mJmn0aa/ppkIU97nfA==",
      "dependencies": {
        "@react-pdf-viewer/core": "3.12.0"
      },
      "peerDependencies": {
        "react": ">=16.8.0",
        "react-dom": ">=16.8.0"
      }
    },
    "node_modules/dommatrix": {
      "version": "1.0.3",
      "resolved": "https://registry.npmmirror.com/dommatrix/-/dommatrix-1.0.3.tgz",
      "integrity": "sha512-l32Xp/TLgWb8ReqbVJAFIvXmY7go4nTxxlWiAFyhoQw9RKEOHBZNnyGvJWqDVSPmq3Y9HlM4npqF/T6VMOXhww==",
      "deprecated": "dommatrix is no longer maintained. Please use @thednp/dommatrix.",
      "license": "MIT"
    },
    "node_modules/nprogress": {
      "version": "0.2.0",
      "resolved": "https://registry.npmmirror.com/nprogress/-/nprogress-0.2.0.tgz",
      "integrity": "sha512-I19aIingLgR1fmhftnbWWO3dXc0hSxqHQHQb3H8m+K3TnEn/iSeTZZOyvKXWqQESMwuUVnatlCnZdLBZZt2VSA==",
      "license": "MIT"
    },
    "node_modules/pdfjs-dist": {
      "version": "2.16.105",
      "resolved": "https://registry.npmmirror.com/pdfjs-dist/-/pdfjs-dist-2.16.105.tgz",
      "integrity": "sha512-J4dn41spsAwUxCpEoVf6GVoz908IAA3mYiLmNxg8J9kfRXc2jxpbUepcP0ocp0alVNLFthTAM8DZ1RaHh8sU0A==",
      "license": "Apache-2.0",
      "dependencies": {
        "dommatrix": "^1.0.3",
        "web-streams-polyfill": "^3.2.1"
      },
      "peerDependencies": {
        "worker-loader": "^3.0.8"
      },
      "peerDependenciesMeta": {
        "worker-loader": {
          "optional": true
        }
      }
    },
    "node_modules/react": {
      "version": "19.1.0",
      "resolved": "https://registry.npmmirror.com/react/-/react-19.1.0.tgz",
      "integrity": "sha512-FS+XFBNvn3GTAWq26joslQgWNoFu08F4kl0J4CgdNKADkdSGXQyTCnKteIAJy96Br6YbpEU1LSzV5dYtjMkMDg==",
      "peer": true,
      "engines": {
        "node": ">=0.10.0"
      }
    },
    "node_modules/react-dom": {
      "version": "19.1.0",
      "resolved": "https://registry.npmmirror.com/react-dom/-/react-dom-19.1.0.tgz",
      "integrity": "sha512-Xs1hdnE+DyKgeHJeJznQmYMIBG3TKIHJJT95Q58nHLSrElKlGQqDTR2HQ9fx5CN/Gk6Vh/kupBTDLU11/nDk/g==",
      "peer": true,
      "dependencies": {
        "scheduler": "^0.26.0"
      },
      "peerDependencies": {
        "react": "^19.1.0"
      }
    },
    "node_modules/scheduler": {
      "version": "0.26.0",
      "resolved": "https://registry.npmmirror.com/scheduler/-/scheduler-0.26.0.tgz",
      "integrity": "sha512-NlHwttCI/l5gCPR3D1nNXtWABUmBwvZpEQiD4IXSbIDq8BzLIK/7Ir5gTFSGZDUu37K5cMNp0hFtzO38sC7gWA==",
      "peer": true
    },
    "node_modules/web-streams-polyfill": {
      "version": "3.3.3",
      "resolved": "https://registry.npmmirror.com/web-streams-polyfill/-/web-streams-polyfill-3.3.3.tgz",
      "integrity": "sha512-d2JWLCivmZYTSIoge9MsgFCZrt571BikcWGYkjC1khllbTeDlGqZ2D8vD8E/lJa8WGWbb7Plm8/XJYV7IJHZZw==",
      "license": "MIT",
      "engines": {
        "node": ">= 8"
      }
    }
  }
}
